
Microsoft Visual Studio Solution File, Format Version 12.00
# Visual Studio Express 2013 for Windows Desktop
VisualStudioVersion = 12.0.30723.0
MinimumVisualStudioVersion = 10.0.40219.1
Project("{FAE04EC0-301F-11D3-BF4B-00C04F79EFBC}") = "RomanToArabic", "RomanToArabic\RomanToArabic.csproj", "{37633D65-109E-46A8-A690-C4A63F801AE9}"
EndProject
Project("{FAE04EC0-301F-11D3-BF4B-00C04F79EFBC}") = "ArabicToRoman", "ArabitToRoman\ArabicToRoman.csproj", "{F277FC23-FF5B-4AEC-845D-235E8E6C5329}"
EndProject
Project("{FAE04EC0-301F-11D3-BF4B-00C04F79EFBC}") = "Chapter 9 Solution 8", "Chapter 9 Solution 8\Chapter 9 Solution 8.csproj", "{5BCD0C55-E507-4FBF-AC52-3873E096BAC6}"
EndProject
Project("{FAE04EC0-301F-11D3-BF4B-00C04F79EFBC}") = "Chapter 9 Solution 11", "Chapter 9 Solution 11\Chapter 9 Solution 11.csproj", "{6EDC620C-DE4A-46C0-8B56-35B51385ED24}"
EndProject
Project("{FAE04EC0-301F-11D3-BF4B-00C04F79EFBC}") = "Chapter 9 Solution 10", "Chapter 9 Solution 10\Chapter 9 Solution 10.csproj", "{6F8CB8A7-A23C-4BD2-A035-31CAF401DF49}"
EndProject
Project("{FAE04EC0-301F-11D3-BF4B-00C04F79EFBC}") = "Sorting objects", "Sorting objects\Sorting objects.csproj", "{93ED4D6D-30CF-49A0-A9B7-A5F5D7CED99B}"
EndProject
Project("{FAE04EC0-301F-11D3-BF4B-00C04F79EFBC}") = "Chapter 11 Solution 6", "Chapter 11 Solution 6\Chapter 11 Solution 6.csproj", "{46B33B45-7EEA-4157-94E5-983C04CA2EC3}"
EndProject
Project("{FAE04EC0-301F-11D3-BF4B-00C04F79EFBC}") = "Chapter 11 Solution 8", "Chapter 11 Solution 7\Chapter 11 Solution 8.csproj", "{E2A20FA7-0B0E-4EE3-BEE1-86A4AC7604B3}"
EndProject
Project("{FAE04EC0-301F-11D3-BF4B-00C04F79EFBC}") = "Chapter 11 Solution 9", "Chapter 11 Solution 9\Chapter 11 Solution 9.csproj", "{5A1C8879-E2AC-4F18-B536-4FFFAB8838BE}"
EndProject
Project("{FAE04EC0-301F-11D3-BF4B-00C04F79EFBC}") = "Chapter 5 Solution 11", "Chapter 5 Solution 11\Chapter 5 Solution 11.csproj", "{F22A4622-1E3E-4764-A129-5572A733211E}"
EndProject
Project("{FAE04EC0-301F-11D3-BF4B-00C04F79EFBC}") = "Chapter 5 Solution 10", "Chapter 5 Solution 10\Chapter 5 Solution 10.csproj", "{723A6B3E-EAB5-42F3-B198-2D932766757B}"
EndProject
Project("{FAE04EC0-301F-11D3-BF4B-00C04F79EFBC}") = "Chapter 5 Solution 9", "Chapter 5 Solution 9\Chapter 5 Solution 9.csproj", "{67D8D6C0-958E-47E3-85FF-3F493DC22EDF}"
EndProject
Project("{FAE04EC0-301F-11D3-BF4B-00C04F79EFBC}") = "Chapter 5 Solution 6", "Chapter 5 Solution 6\Chapter 5 Solution 6.csproj", "{C6E52129-82BD-42A8-BF19-751676B4255E}"
EndProject
Project("{FAE04EC0-301F-11D3-BF4B-00C04F79EFBC}") = "Chapter 11 Solution 10", "Chapter 11 Solution 10\Chapter 11 Solution 10.csproj", "{46D7B2B7-6562-4CF3-8350-3447E22AEA83}"
EndProject
Project("{FAE04EC0-301F-11D3-BF4B-00C04F79EFBC}") = "Chapter 11 Solution 11", "Chapter 11 Solution 11\Chapter 11 Solution 11.csproj", "{75306026-BADA-4695-A06C-7CF7C1AB0141}"
EndProject
Project("{FAE04EC0-301F-11D3-BF4B-00C04F79EFBC}") = "Chapter 11 Solution 12", "Chapter 11 Solution 12\Chapter 11 Solution 12.csproj", "{C908EF53-09BA-4F05-A962-DC4B465CF116}"
EndProject
Project("{FAE04EC0-301F-11D3-BF4B-00C04F79EFBC}") = "Chapter 9 Solution 7", "Chapter 9 Solution 7\Chapter 9 Solution 7.csproj", "{3787FF7F-08B8-48C5-B279-85102409C2B9}"
EndProject
Project("{FAE04EC0-301F-11D3-BF4B-00C04F79EFBC}") = "Chapter 9 Solution 6", "Chapter 9 Solution 6\Chapter 9 Solution 6.csproj", "{91BAA7DB-6603-453E-80D3-00907C979168}"
EndProject
Project("{FAE04EC0-301F-11D3-BF4B-00C04F79EFBC}") = "Chapter 9 Solution 5", "Chapter 9 Solution 5\Chapter 9 Solution 5.csproj", "{25420474-8B9C-4521-BD4B-F0FE3612400F}"
EndProject
Project("{FAE04EC0-301F-11D3-BF4B-00C04F79EFBC}") = "Chapter 13 Solution 5", "Chapter 13 Solution 5\Chapter 13 Solution 5.csproj", "{FA94D461-AB2C-4263-AC8A-A720760701AF}"
EndProject
Project("{FAE04EC0-301F-11D3-BF4B-00C04F79EFBC}") = "Chapter 4 Solution 9", "Chapter 4 Solution 9\Chapter 4 Solution 9.csproj", "{021F0330-3FDD-486D-87D5-7A610813430F}"
EndProject
Project("{FAE04EC0-301F-11D3-BF4B-00C04F79EFBC}") = "Chapter 3 Solution 10", "Chapter 3 Solution 10\Chapter 3 Solution 10.csproj", "{BCFB2464-9E07-45E0-9A44-C0B8F6F2CAE4}"
EndProject
Project("{FAE04EC0-301F-11D3-BF4B-00C04F79EFBC}") = "Chapter 3 Solution 11", "Chapter 3 Solution 11\Chapter 3 Solution 11.csproj", "{24357C27-F6FA-4ED8-9F21-63020238596F}"
EndProject
Project("{FAE04EC0-301F-11D3-BF4B-00C04F79EFBC}") = "Chapter 3 Solution 15", "Chapter 3 Solution 15\Chapter 3 Solution 15.csproj", "{F5625892-8923-43B7-A8FA-C9A183707A00}"
EndProject
Project("{FAE04EC0-301F-11D3-BF4B-00C04F79EFBC}") = "Chapter 3 Solution 16", "Chapter 3 Solution 16\Chapter 3 Solution 16.csproj", "{9629364F-F59D-4C77-B84A-A07AB2BF0D22}"
EndProject
Project("{FAE04EC0-301F-11D3-BF4B-00C04F79EFBC}") = "Chapter 3 Solution 9", "Chapter 3 Solution 9\Chapter 3 Solution 9.csproj", "{CBBA42DC-7544-4239-873A-5942040B3C4E}"
EndProject
Project("{FAE04EC0-301F-11D3-BF4B-00C04F79EFBC}") = "Chapter 4 Solution 3", "Chapter 4 Solution 3\Chapter 4 Solution 3.csproj", "{526C7D82-ADA3-4760-8661-A47CC25845CF}"
EndProject
Project("{FAE04EC0-301F-11D3-BF4B-00C04F79EFBC}") = "Chapter 4 Solution 7", "Chapter 4 Solution 7\Chapter 4 Solution 7.csproj", "{64602C78-25F0-4E67-A4C5-172795028F5B}"
EndProject
Project("{FAE04EC0-301F-11D3-BF4B-00C04F79EFBC}") = "Chapter 4 Solution 8", "Chapter 4 Solution 8\Chapter 4 Solution 8.csproj", "{B085882B-A00A-4E63-A8D1-580ECE1FEBCD}"
EndProject
Project("{FAE04EC0-301F-11D3-BF4B-00C04F79EFBC}") = "Chapter 5 Solution 2", "Chapter 5 Solution 2\Chapter 5 Solution 2.csproj", "{A98926A4-A718-44DD-A8A7-6F288AD75192}"
EndProject
Project("{FAE04EC0-301F-11D3-BF4B-00C04F79EFBC}") = "Chapter 5 Solution 3", "Chapter 5 Solution 3\Chapter 5 Solution 3.csproj", "{6CE2FB4C-58FF-4F2B-AC49-2A31A31CCF50}"
EndProject
Project("{FAE04EC0-301F-11D3-BF4B-00C04F79EFBC}") = "Chapter 5 Solution 4", "Chapter 5 Solution 4\Chapter 5 Solution 4.csproj", "{8554C0D1-E887-4FB9-BC45-1384F0498BD6}"
EndProject
Project("{FAE04EC0-301F-11D3-BF4B-00C04F79EFBC}") = "Chapter 5 Solution 8", "Chapter 5 Solution 8\Chapter 5 Solution 8.csproj", "{57FB3BFA-D870-4EEA-ABAC-B9BCA23D135D}"
EndProject
Project("{FAE04EC0-301F-11D3-BF4B-00C04F79EFBC}") = "Chapter 6 Solution 2", "Chapter 6 Solution 2\Chapter 6 Solution 2.csproj", "{54E956ED-FFDE-4B80-85F8-35534AF28F8C}"
EndProject
Project("{FAE04EC0-301F-11D3-BF4B-00C04F79EFBC}") = "Chapter 6 Solution 3", "Chapter 6 Solution 3\Chapter 6 Solution 3.csproj", "{F10A8B15-7CE6-490D-AFD5-F6517356329B}"
EndProject
Project("{FAE04EC0-301F-11D3-BF4B-00C04F79EFBC}") = "Chapter 6 Solution 4", "Chapter 6 Solution 4\Chapter 6 Solution 4.csproj", "{857E6196-5EDC-4F1A-8F29-F9FF3A9270CC}"
EndProject
Project("{FAE04EC0-301F-11D3-BF4B-00C04F79EFBC}") = "Chapter 6 Solution 5", "Chapter 6 Solution 5\Chapter 6 Solution 5.csproj", "{35AFD632-D18F-422C-A856-4FC11FFE80A5}"
EndProject
Project("{FAE04EC0-301F-11D3-BF4B-00C04F79EFBC}") = "Chapter 6 Solution 7", "Chapter 6 Solution 7\Chapter 6 Solution 7.csproj", "{3E8E5988-B13C-43B0-9F70-36BC193DD1C6}"
EndProject
Project("{FAE04EC0-301F-11D3-BF4B-00C04F79EFBC}") = "Chapter 6 Solution 8", "Chapter 6 Solution 8\Chapter 6 Solution 8.csproj", "{71A222B6-69FF-48A8-9620-76BE6ACA68DA}"
EndProject
Project("{FAE04EC0-301F-11D3-BF4B-00C04F79EFBC}") = "Chapter 6 Solution 10", "Chapter 6 Solution 10\Chapter 6 Solution 10.csproj", "{F3396E00-D815-41A6-AE9D-0F427FB5D9EE}"
EndProject
Project("{FAE04EC0-301F-11D3-BF4B-00C04F79EFBC}") = "Chapter 6 Solution 16", "Chapter 6 Solution 16\Chapter 6 Solution 16.csproj", "{AB4F103B-A6A4-4A48-B45D-D25003BBA80B}"
EndProject
Project("{FAE04EC0-301F-11D3-BF4B-00C04F79EFBC}") = "Chapter 6 Solution 18", "Chapter 6 Solution 18\Chapter 6 Solution 18.csproj", "{AA2BA132-4BFB-445B-9601-83391AEC657E}"
EndProject
Project("{FAE04EC0-301F-11D3-BF4B-00C04F79EFBC}") = "Chapter 7 Solution 1", "Chapter 7 Solution 1\Chapter 7 Solution 1.csproj", "{08623F37-AB5A-4F61-8E49-0D024BE21680}"
EndProject
Project("{FAE04EC0-301F-11D3-BF4B-00C04F79EFBC}") = "Chapter 7 Solution 2", "Chapter 7 Solution 2\Chapter 7 Solution 2.csproj", "{9631E4A5-C87A-4067-B22E-B22D5B2F74EE}"
EndProject
Project("{FAE04EC0-301F-11D3-BF4B-00C04F79EFBC}") = "Chapter 7 Solution 3", "Chapter 7 Solution 3\Chapter 7 Solution 3.csproj", "{51F22652-527A-4EFF-B933-9802BEB1AAD6}"
EndProject
Project("{FAE04EC0-301F-11D3-BF4B-00C04F79EFBC}") = "Chapter 7 Solution 4", "Chapter 7 Solution 4\Chapter 7 Solution 4.csproj", "{4D41290A-190A-443C-909D-9A5D31B5C020}"
EndProject
Project("{FAE04EC0-301F-11D3-BF4B-00C04F79EFBC}") = "Chapter 7 Solution 5", "Chapter 7 Solution 5\Chapter 7 Solution 5.csproj", "{3306CE51-7021-464E-A61A-9FF4587F12A3}"
EndProject
Project("{FAE04EC0-301F-11D3-BF4B-00C04F79EFBC}") = "Chapter 7 Solution 6", "Chapter 7 Solution 6\Chapter 7 Solution 6.csproj", "{A08900FA-218C-4FC9-A7C2-D13DD82A34DC}"
EndProject
Project("{FAE04EC0-301F-11D3-BF4B-00C04F79EFBC}") = "Chapter 7 Solution 7", "Chapter 7 Solution 7\Chapter 7 Solution 7.csproj", "{F00DC85A-7A78-4E1D-B646-90DC99D1E347}"
EndProject
Project("{FAE04EC0-301F-11D3-BF4B-00C04F79EFBC}") = "Chapter 7 Solution 8", "Chapter 7 Solution 8\Chapter 7 Solution 8.csproj", "{173907FA-736A-4C04-95C0-84B8AA3CE8FE}"
EndProject
Global
	GlobalSection(SolutionConfigurationPlatforms) = preSolution
		Debug|Any CPU = Debug|Any CPU
		Release|Any CPU = Release|Any CPU
	EndGlobalSection
	GlobalSection(ProjectConfigurationPlatforms) = postSolution
		{37633D65-109E-46A8-A690-C4A63F801AE9}.Debug|Any CPU.ActiveCfg = Debug|Any CPU
		{37633D65-109E-46A8-A690-C4A63F801AE9}.Debug|Any CPU.Build.0 = Debug|Any CPU
		{37633D65-109E-46A8-A690-C4A63F801AE9}.Release|Any CPU.ActiveCfg = Release|Any CPU
		{37633D65-109E-46A8-A690-C4A63F801AE9}.Release|Any CPU.Build.0 = Release|Any CPU
		{F277FC23-FF5B-4AEC-845D-235E8E6C5329}.Debug|Any CPU.ActiveCfg = Debug|Any CPU
		{F277FC23-FF5B-4AEC-845D-235E8E6C5329}.Debug|Any CPU.Build.0 = Debug|Any CPU
		{F277FC23-FF5B-4AEC-845D-235E8E6C5329}.Release|Any CPU.ActiveCfg = Release|Any CPU
		{F277FC23-FF5B-4AEC-845D-235E8E6C5329}.Release|Any CPU.Build.0 = Release|Any CPU
		{5BCD0C55-E507-4FBF-AC52-3873E096BAC6}.Debug|Any CPU.ActiveCfg = Debug|Any CPU
		{5BCD0C55-E507-4FBF-AC52-3873E096BAC6}.Debug|Any CPU.Build.0 = Debug|Any CPU
		{5BCD0C55-E507-4FBF-AC52-3873E096BAC6}.Release|Any CPU.ActiveCfg = Release|Any CPU
		{5BCD0C55-E507-4FBF-AC52-3873E096BAC6}.Release|Any CPU.Build.0 = Release|Any CPU
		{6EDC620C-DE4A-46C0-8B56-35B51385ED24}.Debug|Any CPU.ActiveCfg = Debug|Any CPU
		{6EDC620C-DE4A-46C0-8B56-35B51385ED24}.Debug|Any CPU.Build.0 = Debug|Any CPU
		{6EDC620C-DE4A-46C0-8B56-35B51385ED24}.Release|Any CPU.ActiveCfg = Release|Any CPU
		{6EDC620C-DE4A-46C0-8B56-35B51385ED24}.Release|Any CPU.Build.0 = Release|Any CPU
		{6F8CB8A7-A23C-4BD2-A035-31CAF401DF49}.Debug|Any CPU.ActiveCfg = Debug|Any CPU
		{6F8CB8A7-A23C-4BD2-A035-31CAF401DF49}.Debug|Any CPU.Build.0 = Debug|Any CPU
		{6F8CB8A7-A23C-4BD2-A035-31CAF401DF49}.Release|Any CPU.ActiveCfg = Release|Any CPU
		{6F8CB8A7-A23C-4BD2-A035-31CAF401DF49}.Release|Any CPU.Build.0 = Release|Any CPU
		{93ED4D6D-30CF-49A0-A9B7-A5F5D7CED99B}.Debug|Any CPU.ActiveCfg = Debug|Any CPU
		{93ED4D6D-30CF-49A0-A9B7-A5F5D7CED99B}.Debug|Any CPU.Build.0 = Debug|Any CPU
		{93ED4D6D-30CF-49A0-A9B7-A5F5D7CED99B}.Release|Any CPU.ActiveCfg = Release|Any CPU
		{93ED4D6D-30CF-49A0-A9B7-A5F5D7CED99B}.Release|Any CPU.Build.0 = Release|Any CPU
		{46B33B45-7EEA-4157-94E5-983C04CA2EC3}.Debug|Any CPU.ActiveCfg = Debug|Any CPU
		{46B33B45-7EEA-4157-94E5-983C04CA2EC3}.Debug|Any CPU.Build.0 = Debug|Any CPU
		{46B33B45-7EEA-4157-94E5-983C04CA2EC3}.Release|Any CPU.ActiveCfg = Release|Any CPU
		{46B33B45-7EEA-4157-94E5-983C04CA2EC3}.Release|Any CPU.Build.0 = Release|Any CPU
		{E2A20FA7-0B0E-4EE3-BEE1-86A4AC7604B3}.Debug|Any CPU.ActiveCfg = Debug|Any CPU
		{E2A20FA7-0B0E-4EE3-BEE1-86A4AC7604B3}.Debug|Any CPU.Build.0 = Debug|Any CPU
		{E2A20FA7-0B0E-4EE3-BEE1-86A4AC7604B3}.Release|Any CPU.ActiveCfg = Release|Any CPU
		{E2A20FA7-0B0E-4EE3-BEE1-86A4AC7604B3}.Release|Any CPU.Build.0 = Release|Any CPU
		{5A1C8879-E2AC-4F18-B536-4FFFAB8838BE}.Debug|Any CPU.ActiveCfg = Debug|Any CPU
		{5A1C8879-E2AC-4F18-B536-4FFFAB8838BE}.Debug|Any CPU.Build.0 = Debug|Any CPU
		{5A1C8879-E2AC-4F18-B536-4FFFAB8838BE}.Release|Any CPU.ActiveCfg = Release|Any CPU
		{5A1C8879-E2AC-4F18-B536-4FFFAB8838BE}.Release|Any CPU.Build.0 = Release|Any CPU
		{F22A4622-1E3E-4764-A129-5572A733211E}.Debug|Any CPU.ActiveCfg = Debug|Any CPU
		{F22A4622-1E3E-4764-A129-5572A733211E}.Debug|Any CPU.Build.0 = Debug|Any CPU
		{F22A4622-1E3E-4764-A129-5572A733211E}.Release|Any CPU.ActiveCfg = Release|Any CPU
		{F22A4622-1E3E-4764-A129-5572A733211E}.Release|Any CPU.Build.0 = Release|Any CPU
		{723A6B3E-EAB5-42F3-B198-2D932766757B}.Debug|Any CPU.ActiveCfg = Debug|Any CPU
		{723A6B3E-EAB5-42F3-B198-2D932766757B}.Debug|Any CPU.Build.0 = Debug|Any CPU
		{723A6B3E-EAB5-42F3-B198-2D932766757B}.Release|Any CPU.ActiveCfg = Release|Any CPU
		{723A6B3E-EAB5-42F3-B198-2D932766757B}.Release|Any CPU.Build.0 = Release|Any CPU
		{67D8D6C0-958E-47E3-85FF-3F493DC22EDF}.Debug|Any CPU.ActiveCfg = Debug|Any CPU
		{67D8D6C0-958E-47E3-85FF-3F493DC22EDF}.Debug|Any CPU.Build.0 = Debug|Any CPU
		{67D8D6C0-958E-47E3-85FF-3F493DC22EDF}.Release|Any CPU.ActiveCfg = Release|Any CPU
		{67D8D6C0-958E-47E3-85FF-3F493DC22EDF}.Release|Any CPU.Build.0 = Release|Any CPU
		{C6E52129-82BD-42A8-BF19-751676B4255E}.Debug|Any CPU.ActiveCfg = Debug|Any CPU
		{C6E52129-82BD-42A8-BF19-751676B4255E}.Debug|Any CPU.Build.0 = Debug|Any CPU
		{C6E52129-82BD-42A8-BF19-751676B4255E}.Release|Any CPU.ActiveCfg = Release|Any CPU
		{C6E52129-82BD-42A8-BF19-751676B4255E}.Release|Any CPU.Build.0 = Release|Any CPU
		{46D7B2B7-6562-4CF3-8350-3447E22AEA83}.Debug|Any CPU.ActiveCfg = Debug|Any CPU
		{46D7B2B7-6562-4CF3-8350-3447E22AEA83}.Debug|Any CPU.Build.0 = Debug|Any CPU
		{46D7B2B7-6562-4CF3-8350-3447E22AEA83}.Release|Any CPU.ActiveCfg = Release|Any CPU
		{46D7B2B7-6562-4CF3-8350-3447E22AEA83}.Release|Any CPU.Build.0 = Release|Any CPU
		{75306026-BADA-4695-A06C-7CF7C1AB0141}.Debug|Any CPU.ActiveCfg = Debug|Any CPU
		{75306026-BADA-4695-A06C-7CF7C1AB0141}.Debug|Any CPU.Build.0 = Debug|Any CPU
		{75306026-BADA-4695-A06C-7CF7C1AB0141}.Release|Any CPU.ActiveCfg = Release|Any CPU
		{75306026-BADA-4695-A06C-7CF7C1AB0141}.Release|Any CPU.Build.0 = Release|Any CPU
		{C908EF53-09BA-4F05-A962-DC4B465CF116}.Debug|Any CPU.ActiveCfg = Debug|Any CPU
		{C908EF53-09BA-4F05-A962-DC4B465CF116}.Debug|Any CPU.Build.0 = Debug|Any CPU
		{C908EF53-09BA-4F05-A962-DC4B465CF116}.Release|Any CPU.ActiveCfg = Release|Any CPU
		{C908EF53-09BA-4F05-A962-DC4B465CF116}.Release|Any CPU.Build.0 = Release|Any CPU
		{3787FF7F-08B8-48C5-B279-85102409C2B9}.Debug|Any CPU.ActiveCfg = Debug|Any CPU
		{3787FF7F-08B8-48C5-B279-85102409C2B9}.Debug|Any CPU.Build.0 = Debug|Any CPU
		{3787FF7F-08B8-48C5-B279-85102409C2B9}.Release|Any CPU.ActiveCfg = Release|Any CPU
		{3787FF7F-08B8-48C5-B279-85102409C2B9}.Release|Any CPU.Build.0 = Release|Any CPU
		{91BAA7DB-6603-453E-80D3-00907C979168}.Debug|Any CPU.ActiveCfg = Debug|Any CPU
		{91BAA7DB-6603-453E-80D3-00907C979168}.Debug|Any CPU.Build.0 = Debug|Any CPU
		{91BAA7DB-6603-453E-80D3-00907C979168}.Release|Any CPU.ActiveCfg = Release|Any CPU
		{91BAA7DB-6603-453E-80D3-00907C979168}.Release|Any CPU.Build.0 = Release|Any CPU
		{25420474-8B9C-4521-BD4B-F0FE3612400F}.Debug|Any CPU.ActiveCfg = Debug|Any CPU
		{25420474-8B9C-4521-BD4B-F0FE3612400F}.Debug|Any CPU.Build.0 = Debug|Any CPU
		{25420474-8B9C-4521-BD4B-F0FE3612400F}.Release|Any CPU.ActiveCfg = Release|Any CPU
		{25420474-8B9C-4521-BD4B-F0FE3612400F}.Release|Any CPU.Build.0 = Release|Any CPU
		{FA94D461-AB2C-4263-AC8A-A720760701AF}.Debug|Any CPU.ActiveCfg = Debug|Any CPU
		{FA94D461-AB2C-4263-AC8A-A720760701AF}.Debug|Any CPU.Build.0 = Debug|Any CPU
		{FA94D461-AB2C-4263-AC8A-A720760701AF}.Release|Any CPU.ActiveCfg = Release|Any CPU
		{FA94D461-AB2C-4263-AC8A-A720760701AF}.Release|Any CPU.Build.0 = Release|Any CPU
		{021F0330-3FDD-486D-87D5-7A610813430F}.Debug|Any CPU.ActiveCfg = Debug|Any CPU
		{021F0330-3FDD-486D-87D5-7A610813430F}.Debug|Any CPU.Build.0 = Debug|Any CPU
		{021F0330-3FDD-486D-87D5-7A610813430F}.Release|Any CPU.ActiveCfg = Release|Any CPU
		{021F0330-3FDD-486D-87D5-7A610813430F}.Release|Any CPU.Build.0 = Release|Any CPU
		{BCFB2464-9E07-45E0-9A44-C0B8F6F2CAE4}.Debug|Any CPU.ActiveCfg = Debug|Any CPU
		{BCFB2464-9E07-45E0-9A44-C0B8F6F2CAE4}.Debug|Any CPU.Build.0 = Debug|Any CPU
		{BCFB2464-9E07-45E0-9A44-C0B8F6F2CAE4}.Release|Any CPU.ActiveCfg = Release|Any CPU
		{BCFB2464-9E07-45E0-9A44-C0B8F6F2CAE4}.Release|Any CPU.Build.0 = Release|Any CPU
		{24357C27-F6FA-4ED8-9F21-63020238596F}.Debug|Any CPU.ActiveCfg = Debug|Any CPU
		{24357C27-F6FA-4ED8-9F21-63020238596F}.Debug|Any CPU.Build.0 = Debug|Any CPU
		{24357C27-F6FA-4ED8-9F21-63020238596F}.Release|Any CPU.ActiveCfg = Release|Any CPU
		{24357C27-F6FA-4ED8-9F21-63020238596F}.Release|Any CPU.Build.0 = Release|Any CPU
		{F5625892-8923-43B7-A8FA-C9A183707A00}.Debug|Any CPU.ActiveCfg = Debug|Any CPU
		{F5625892-8923-43B7-A8FA-C9A183707A00}.Debug|Any CPU.Build.0 = Debug|Any CPU
		{F5625892-8923-43B7-A8FA-C9A183707A00}.Release|Any CPU.ActiveCfg = Release|Any CPU
		{F5625892-8923-43B7-A8FA-C9A183707A00}.Release|Any CPU.Build.0 = Release|Any CPU
		{9629364F-F59D-4C77-B84A-A07AB2BF0D22}.Debug|Any CPU.ActiveCfg = Debug|Any CPU
		{9629364F-F59D-4C77-B84A-A07AB2BF0D22}.Debug|Any CPU.Build.0 = Debug|Any CPU
		{9629364F-F59D-4C77-B84A-A07AB2BF0D22}.Release|Any CPU.ActiveCfg = Release|Any CPU
		{9629364F-F59D-4C77-B84A-A07AB2BF0D22}.Release|Any CPU.Build.0 = Release|Any CPU
		{CBBA42DC-7544-4239-873A-5942040B3C4E}.Debug|Any CPU.ActiveCfg = Debug|Any CPU
		{CBBA42DC-7544-4239-873A-5942040B3C4E}.Debug|Any CPU.Build.0 = Debug|Any CPU
		{CBBA42DC-7544-4239-873A-5942040B3C4E}.Release|Any CPU.ActiveCfg = Release|Any CPU
		{CBBA42DC-7544-4239-873A-5942040B3C4E}.Release|Any CPU.Build.0 = Release|Any CPU
		{526C7D82-ADA3-4760-8661-A47CC25845CF}.Debug|Any CPU.ActiveCfg = Debug|Any CPU
		{526C7D82-ADA3-4760-8661-A47CC25845CF}.Debug|Any CPU.Build.0 = Debug|Any CPU
		{526C7D82-ADA3-4760-8661-A47CC25845CF}.Release|Any CPU.ActiveCfg = Release|Any CPU
		{526C7D82-ADA3-4760-8661-A47CC25845CF}.Release|Any CPU.Build.0 = Release|Any CPU
		{64602C78-25F0-4E67-A4C5-172795028F5B}.Debug|Any CPU.ActiveCfg = Debug|Any CPU
		{64602C78-25F0-4E67-A4C5-172795028F5B}.Debug|Any CPU.Build.0 = Debug|Any CPU
		{64602C78-25F0-4E67-A4C5-172795028F5B}.Release|Any CPU.ActiveCfg = Release|Any CPU
		{64602C78-25F0-4E67-A4C5-172795028F5B}.Release|Any CPU.Build.0 = Release|Any CPU
		{B085882B-A00A-4E63-A8D1-580ECE1FEBCD}.Debug|Any CPU.ActiveCfg = Debug|Any CPU
		{B085882B-A00A-4E63-A8D1-580ECE1FEBCD}.Debug|Any CPU.Build.0 = Debug|Any CPU
		{B085882B-A00A-4E63-A8D1-580ECE1FEBCD}.Release|Any CPU.ActiveCfg = Release|Any CPU
		{B085882B-A00A-4E63-A8D1-580ECE1FEBCD}.Release|Any CPU.Build.0 = Release|Any CPU
		{A98926A4-A718-44DD-A8A7-6F288AD75192}.Debug|Any CPU.ActiveCfg = Debug|Any CPU
		{A98926A4-A718-44DD-A8A7-6F288AD75192}.Debug|Any CPU.Build.0 = Debug|Any CPU
		{A98926A4-A718-44DD-A8A7-6F288AD75192}.Release|Any CPU.ActiveCfg = Release|Any CPU
		{A98926A4-A718-44DD-A8A7-6F288AD75192}.Release|Any CPU.Build.0 = Release|Any CPU
		{6CE2FB4C-58FF-4F2B-AC49-2A31A31CCF50}.Debug|Any CPU.ActiveCfg = Debug|Any CPU
		{6CE2FB4C-58FF-4F2B-AC49-2A31A31CCF50}.Debug|Any CPU.Build.0 = Debug|Any CPU
		{6CE2FB4C-58FF-4F2B-AC49-2A31A31CCF50}.Release|Any CPU.ActiveCfg = Release|Any CPU
		{6CE2FB4C-58FF-4F2B-AC49-2A31A31CCF50}.Release|Any CPU.Build.0 = Release|Any CPU
		{8554C0D1-E887-4FB9-BC45-1384F0498BD6}.Debug|Any CPU.ActiveCfg = Debug|Any CPU
		{8554C0D1-E887-4FB9-BC45-1384F0498BD6}.Debug|Any CPU.Build.0 = Debug|Any CPU
		{8554C0D1-E887-4FB9-BC45-1384F0498BD6}.Release|Any CPU.ActiveCfg = Release|Any CPU
		{8554C0D1-E887-4FB9-BC45-1384F0498BD6}.Release|Any CPU.Build.0 = Release|Any CPU
		{57FB3BFA-D870-4EEA-ABAC-B9BCA23D135D}.Debug|Any CPU.ActiveCfg = Debug|Any CPU
		{57FB3BFA-D870-4EEA-ABAC-B9BCA23D135D}.Debug|Any CPU.Build.0 = Debug|Any CPU
		{57FB3BFA-D870-4EEA-ABAC-B9BCA23D135D}.Release|Any CPU.ActiveCfg = Release|Any CPU
		{57FB3BFA-D870-4EEA-ABAC-B9BCA23D135D}.Release|Any CPU.Build.0 = Release|Any CPU
		{54E956ED-FFDE-4B80-85F8-35534AF28F8C}.Debug|Any CPU.ActiveCfg = Debug|Any CPU
		{54E956ED-FFDE-4B80-85F8-35534AF28F8C}.Debug|Any CPU.Build.0 = Debug|Any CPU
		{54E956ED-FFDE-4B80-85F8-35534AF28F8C}.Release|Any CPU.ActiveCfg = Release|Any CPU
		{54E956ED-FFDE-4B80-85F8-35534AF28F8C}.Release|Any CPU.Build.0 = Release|Any CPU
		{F10A8B15-7CE6-490D-AFD5-F6517356329B}.Debug|Any CPU.ActiveCfg = Debug|Any CPU
		{F10A8B15-7CE6-490D-AFD5-F6517356329B}.Debug|Any CPU.Build.0 = Debug|Any CPU
		{F10A8B15-7CE6-490D-AFD5-F6517356329B}.Release|Any CPU.ActiveCfg = Release|Any CPU
		{F10A8B15-7CE6-490D-AFD5-F6517356329B}.Release|Any CPU.Build.0 = Release|Any CPU
		{857E6196-5EDC-4F1A-8F29-F9FF3A9270CC}.Debug|Any CPU.ActiveCfg = Debug|Any CPU
		{857E6196-5EDC-4F1A-8F29-F9FF3A9270CC}.Debug|Any CPU.Build.0 = Debug|Any CPU
		{857E6196-5EDC-4F1A-8F29-F9FF3A9270CC}.Release|Any CPU.ActiveCfg = Release|Any CPU
		{857E6196-5EDC-4F1A-8F29-F9FF3A9270CC}.Release|Any CPU.Build.0 = Release|Any CPU
		{35AFD632-D18F-422C-A856-4FC11FFE80A5}.Debug|Any CPU.ActiveCfg = Debug|Any CPU
		{35AFD632-D18F-422C-A856-4FC11FFE80A5}.Debug|Any CPU.Build.0 = Debug|Any CPU
		{35AFD632-D18F-422C-A856-4FC11FFE80A5}.Release|Any CPU.ActiveCfg = Release|Any CPU
		{35AFD632-D18F-422C-A856-4FC11FFE80A5}.Release|Any CPU.Build.0 = Release|Any CPU
		{3E8E5988-B13C-43B0-9F70-36BC193DD1C6}.Debug|Any CPU.ActiveCfg = Debug|Any CPU
		{3E8E5988-B13C-43B0-9F70-36BC193DD1C6}.Debug|Any CPU.Build.0 = Debug|Any CPU
		{3E8E5988-B13C-43B0-9F70-36BC193DD1C6}.Release|Any CPU.ActiveCfg = Release|Any CPU
		{3E8E5988-B13C-43B0-9F70-36BC193DD1C6}.Release|Any CPU.Build.0 = Release|Any CPU
		{71A222B6-69FF-48A8-9620-76BE6ACA68DA}.Debug|Any CPU.ActiveCfg = Debug|Any CPU
		{71A222B6-69FF-48A8-9620-76BE6ACA68DA}.Debug|Any CPU.Build.0 = Debug|Any CPU
		{71A222B6-69FF-48A8-9620-76BE6ACA68DA}.Release|Any CPU.ActiveCfg = Release|Any CPU
		{71A222B6-69FF-48A8-9620-76BE6ACA68DA}.Release|Any CPU.Build.0 = Release|Any CPU
		{F3396E00-D815-41A6-AE9D-0F427FB5D9EE}.Debug|Any CPU.ActiveCfg = Debug|Any CPU
		{F3396E00-D815-41A6-AE9D-0F427FB5D9EE}.Debug|Any CPU.Build.0 = Debug|Any CPU
		{F3396E00-D815-41A6-AE9D-0F427FB5D9EE}.Release|Any CPU.ActiveCfg = Release|Any CPU
		{F3396E00-D815-41A6-AE9D-0F427FB5D9EE}.Release|Any CPU.Build.0 = Release|Any CPU
		{AB4F103B-A6A4-4A48-B45D-D25003BBA80B}.Debug|Any CPU.ActiveCfg = Debug|Any CPU
		{AB4F103B-A6A4-4A48-B45D-D25003BBA80B}.Debug|Any CPU.Build.0 = Debug|Any CPU
		{AB4F103B-A6A4-4A48-B45D-D25003BBA80B}.Release|Any CPU.ActiveCfg = Release|Any CPU
		{AB4F103B-A6A4-4A48-B45D-D25003BBA80B}.Release|Any CPU.Build.0 = Release|Any CPU
		{AA2BA132-4BFB-445B-9601-83391AEC657E}.Debug|Any CPU.ActiveCfg = Debug|Any CPU
		{AA2BA132-4BFB-445B-9601-83391AEC657E}.Debug|Any CPU.Build.0 = Debug|Any CPU
		{AA2BA132-4BFB-445B-9601-83391AEC657E}.Release|Any CPU.ActiveCfg = Release|Any CPU
		{AA2BA132-4BFB-445B-9601-83391AEC657E}.Release|Any CPU.Build.0 = Release|Any CPU
		{08623F37-AB5A-4F61-8E49-0D024BE21680}.Debug|Any CPU.ActiveCfg = Debug|Any CPU
		{08623F37-AB5A-4F61-8E49-0D024BE21680}.Debug|Any CPU.Build.0 = Debug|Any CPU
		{08623F37-AB5A-4F61-8E49-0D024BE21680}.Release|Any CPU.ActiveCfg = Release|Any CPU
		{08623F37-AB5A-4F61-8E49-0D024BE21680}.Release|Any CPU.Build.0 = Release|Any CPU
		{9631E4A5-C87A-4067-B22E-B22D5B2F74EE}.Debug|Any CPU.ActiveCfg = Debug|Any CPU
		{9631E4A5-C87A-4067-B22E-B22D5B2F74EE}.Debug|Any CPU.Build.0 = Debug|Any CPU
		{9631E4A5-C87A-4067-B22E-B22D5B2F74EE}.Release|Any CPU.ActiveCfg = Release|Any CPU
		{9631E4A5-C87A-4067-B22E-B22D5B2F74EE}.Release|Any CPU.Build.0 = Release|Any CPU
		{51F22652-527A-4EFF-B933-9802BEB1AAD6}.Debug|Any CPU.ActiveCfg = Debug|Any CPU
		{51F22652-527A-4EFF-B933-9802BEB1AAD6}.Debug|Any CPU.Build.0 = Debug|Any CPU
		{51F22652-527A-4EFF-B933-9802BEB1AAD6}.Release|Any CPU.ActiveCfg = Release|Any CPU
		{51F22652-527A-4EFF-B933-9802BEB1AAD6}.Release|Any CPU.Build.0 = Release|Any CPU
		{4D41290A-190A-443C-909D-9A5D31B5C020}.Debug|Any CPU.ActiveCfg = Debug|Any CPU
		{4D41290A-190A-443C-909D-9A5D31B5C020}.Debug|Any CPU.Build.0 = Debug|Any CPU
		{4D41290A-190A-443C-909D-9A5D31B5C020}.Release|Any CPU.ActiveCfg = Release|Any CPU
		{4D41290A-190A-443C-909D-9A5D31B5C020}.Release|Any CPU.Build.0 = Release|Any CPU
		{3306CE51-7021-464E-A61A-9FF4587F12A3}.Debug|Any CPU.ActiveCfg = Debug|Any CPU
		{3306CE51-7021-464E-A61A-9FF4587F12A3}.Debug|Any CPU.Build.0 = Debug|Any CPU
		{3306CE51-7021-464E-A61A-9FF4587F12A3}.Release|Any CPU.ActiveCfg = Release|Any CPU
		{3306CE51-7021-464E-A61A-9FF4587F12A3}.Release|Any CPU.Build.0 = Release|Any CPU
		{A08900FA-218C-4FC9-A7C2-D13DD82A34DC}.Debug|Any CPU.ActiveCfg = Debug|Any CPU
		{A08900FA-218C-4FC9-A7C2-D13DD82A34DC}.Debug|Any CPU.Build.0 = Debug|Any CPU
		{A08900FA-218C-4FC9-A7C2-D13DD82A34DC}.Release|Any CPU.ActiveCfg = Release|Any CPU
		{A08900FA-218C-4FC9-A7C2-D13DD82A34DC}.Release|Any CPU.Build.0 = Release|Any CPU
		{F00DC85A-7A78-4E1D-B646-90DC99D1E347}.Debug|Any CPU.ActiveCfg = Debug|Any CPU
		{F00DC85A-7A78-4E1D-B646-90DC99D1E347}.Debug|Any CPU.Build.0 = Debug|Any CPU
		{F00DC85A-7A78-4E1D-B646-90DC99D1E347}.Release|Any CPU.ActiveCfg = Release|Any CPU
		{F00DC85A-7A78-4E1D-B646-90DC99D1E347}.Release|Any CPU.Build.0 = Release|Any CPU
		{173907FA-736A-4C04-95C0-84B8AA3CE8FE}.Debug|Any CPU.ActiveCfg = Debug|Any CPU
		{173907FA-736A-4C04-95C0-84B8AA3CE8FE}.Debug|Any CPU.Build.0 = Debug|Any CPU
		{173907FA-736A-4C04-95C0-84B8AA3CE8FE}.Release|Any CPU.ActiveCfg = Release|Any CPU
		{173907FA-736A-4C04-95C0-84B8AA3CE8FE}.Release|Any CPU.Build.0 = Release|Any CPU
	EndGlobalSection
	GlobalSection(SolutionProperties) = preSolution
		HideSolutionNode = FALSE
	EndGlobalSection
EndGlobal
