
Microsoft Visual Studio Solution File, Format Version 12.00
# Visual Studio Express 2013 for Windows Desktop
VisualStudioVersion = 12.0.30723.0
MinimumVisualStudioVersion = 10.0.40219.1
Project("{FAE04EC0-301F-11D3-BF4B-00C04F79EFBC}") = "RomanToArabic", "RomanToArabic\RomanToArabic.csproj", "{37633D65-109E-46A8-A690-C4A63F801AE9}"
EndProject
Project("{FAE04EC0-301F-11D3-BF4B-00C04F79EFBC}") = "ArabicToRoman", "ArabitToRoman\ArabicToRoman.csproj", "{F277FC23-FF5B-4AEC-845D-235E8E6C5329}"
EndProject
Project("{FAE04EC0-301F-11D3-BF4B-00C04F79EFBC}") = "Chapter 9 Solution 8", "Chapter 9 Solution 8\Chapter 9 Solution 8.csproj", "{5BCD0C55-E507-4FBF-AC52-3873E096BAC6}"
EndProject
Project("{FAE04EC0-301F-11D3-BF4B-00C04F79EFBC}") = "Chapter 9 Solution 11", "Chapter 9 Solution 11\Chapter 9 Solution 11.csproj", "{6EDC620C-DE4A-46C0-8B56-35B51385ED24}"
EndProject
Project("{FAE04EC0-301F-11D3-BF4B-00C04F79EFBC}") = "Chapter 9 Solution 10", "Chapter 9 Solution 10\Chapter 9 Solution 10.csproj", "{6F8CB8A7-A23C-4BD2-A035-31CAF401DF49}"
EndProject
Project("{FAE04EC0-301F-11D3-BF4B-00C04F79EFBC}") = "Sorting objects", "Sorting objects\Sorting objects.csproj", "{93ED4D6D-30CF-49A0-A9B7-A5F5D7CED99B}"
EndProject
Project("{FAE04EC0-301F-11D3-BF4B-00C04F79EFBC}") = "Chapter 11 Solution 6", "Chapter 11 Solution 6\Chapter 11 Solution 6.csproj", "{46B33B45-7EEA-4157-94E5-983C04CA2EC3}"
EndProject
Project("{FAE04EC0-301F-11D3-BF4B-00C04F79EFBC}") = "Chapter 11 Solution 8", "Chapter 11 Solution 7\Chapter 11 Solution 8.csproj", "{E2A20FA7-0B0E-4EE3-BEE1-86A4AC7604B3}"
EndProject
Project("{FAE04EC0-301F-11D3-BF4B-00C04F79EFBC}") = "Chapter 11 Solution 9", "Chapter 11 Solution 9\Chapter 11 Solution 9.csproj", "{5A1C8879-E2AC-4F18-B536-4FFFAB8838BE}"
EndProject
Global
	GlobalSection(SolutionConfigurationPlatforms) = preSolution
		Debug|Any CPU = Debug|Any CPU
		Release|Any CPU = Release|Any CPU
	EndGlobalSection
	GlobalSection(ProjectConfigurationPlatforms) = postSolution
		{37633D65-109E-46A8-A690-C4A63F801AE9}.Debug|Any CPU.ActiveCfg = Debug|Any CPU
		{37633D65-109E-46A8-A690-C4A63F801AE9}.Debug|Any CPU.Build.0 = Debug|Any CPU
		{37633D65-109E-46A8-A690-C4A63F801AE9}.Release|Any CPU.ActiveCfg = Release|Any CPU
		{37633D65-109E-46A8-A690-C4A63F801AE9}.Release|Any CPU.Build.0 = Release|Any CPU
		{F277FC23-FF5B-4AEC-845D-235E8E6C5329}.Debug|Any CPU.ActiveCfg = Debug|Any CPU
		{F277FC23-FF5B-4AEC-845D-235E8E6C5329}.Debug|Any CPU.Build.0 = Debug|Any CPU
		{F277FC23-FF5B-4AEC-845D-235E8E6C5329}.Release|Any CPU.ActiveCfg = Release|Any CPU
		{F277FC23-FF5B-4AEC-845D-235E8E6C5329}.Release|Any CPU.Build.0 = Release|Any CPU
		{5BCD0C55-E507-4FBF-AC52-3873E096BAC6}.Debug|Any CPU.ActiveCfg = Debug|Any CPU
		{5BCD0C55-E507-4FBF-AC52-3873E096BAC6}.Debug|Any CPU.Build.0 = Debug|Any CPU
		{5BCD0C55-E507-4FBF-AC52-3873E096BAC6}.Release|Any CPU.ActiveCfg = Release|Any CPU
		{5BCD0C55-E507-4FBF-AC52-3873E096BAC6}.Release|Any CPU.Build.0 = Release|Any CPU
		{6EDC620C-DE4A-46C0-8B56-35B51385ED24}.Debug|Any CPU.ActiveCfg = Debug|Any CPU
		{6EDC620C-DE4A-46C0-8B56-35B51385ED24}.Debug|Any CPU.Build.0 = Debug|Any CPU
		{6EDC620C-DE4A-46C0-8B56-35B51385ED24}.Release|Any CPU.ActiveCfg = Release|Any CPU
		{6EDC620C-DE4A-46C0-8B56-35B51385ED24}.Release|Any CPU.Build.0 = Release|Any CPU
		{6F8CB8A7-A23C-4BD2-A035-31CAF401DF49}.Debug|Any CPU.ActiveCfg = Debug|Any CPU
		{6F8CB8A7-A23C-4BD2-A035-31CAF401DF49}.Debug|Any CPU.Build.0 = Debug|Any CPU
		{6F8CB8A7-A23C-4BD2-A035-31CAF401DF49}.Release|Any CPU.ActiveCfg = Release|Any CPU
		{6F8CB8A7-A23C-4BD2-A035-31CAF401DF49}.Release|Any CPU.Build.0 = Release|Any CPU
		{93ED4D6D-30CF-49A0-A9B7-A5F5D7CED99B}.Debug|Any CPU.ActiveCfg = Debug|Any CPU
		{93ED4D6D-30CF-49A0-A9B7-A5F5D7CED99B}.Debug|Any CPU.Build.0 = Debug|Any CPU
		{93ED4D6D-30CF-49A0-A9B7-A5F5D7CED99B}.Release|Any CPU.ActiveCfg = Release|Any CPU
		{93ED4D6D-30CF-49A0-A9B7-A5F5D7CED99B}.Release|Any CPU.Build.0 = Release|Any CPU
		{46B33B45-7EEA-4157-94E5-983C04CA2EC3}.Debug|Any CPU.ActiveCfg = Debug|Any CPU
		{46B33B45-7EEA-4157-94E5-983C04CA2EC3}.Debug|Any CPU.Build.0 = Debug|Any CPU
		{46B33B45-7EEA-4157-94E5-983C04CA2EC3}.Release|Any CPU.ActiveCfg = Release|Any CPU
		{46B33B45-7EEA-4157-94E5-983C04CA2EC3}.Release|Any CPU.Build.0 = Release|Any CPU
		{E2A20FA7-0B0E-4EE3-BEE1-86A4AC7604B3}.Debug|Any CPU.ActiveCfg = Debug|Any CPU
		{E2A20FA7-0B0E-4EE3-BEE1-86A4AC7604B3}.Debug|Any CPU.Build.0 = Debug|Any CPU
		{E2A20FA7-0B0E-4EE3-BEE1-86A4AC7604B3}.Release|Any CPU.ActiveCfg = Release|Any CPU
		{E2A20FA7-0B0E-4EE3-BEE1-86A4AC7604B3}.Release|Any CPU.Build.0 = Release|Any CPU
		{5A1C8879-E2AC-4F18-B536-4FFFAB8838BE}.Debug|Any CPU.ActiveCfg = Debug|Any CPU
		{5A1C8879-E2AC-4F18-B536-4FFFAB8838BE}.Debug|Any CPU.Build.0 = Debug|Any CPU
		{5A1C8879-E2AC-4F18-B536-4FFFAB8838BE}.Release|Any CPU.ActiveCfg = Release|Any CPU
		{5A1C8879-E2AC-4F18-B536-4FFFAB8838BE}.Release|Any CPU.Build.0 = Release|Any CPU
	EndGlobalSection
	GlobalSection(SolutionProperties) = preSolution
		HideSolutionNode = FALSE
	EndGlobalSection
EndGlobal
